
Microsoft Visual Studio Solution File, Format Version 12.00
# Visual Studio 15
VisualStudioVersion = 15.0.28307.572
MinimumVisualStudioVersion = 10.0.40219.1
Project("{9A19103F-16F7-4668-BE54-9A1E7A4F7556}") = "Verizon.Connect.Domain.Core", "src\Verizon.Connect.Domain.Core\Verizon.Connect.Domain.Core.csproj", "{BBD87C8D-CBA6-4D5D-A861-B95AC2CC7004}"
EndProject
Project("{FAE04EC0-301F-11D3-BF4B-00C04F79EFBC}") = "Verizon.Connect.Domain", "src\Verizon.Connect.Domain\Verizon.Connect.Domain.csproj", "{C98ACF4F-48D5-4A79-9CA8-B1A20BE5A5CF}"
EndProject
Project("{9A19103F-16F7-4668-BE54-9A1E7A4F7556}") = "Verizon.Connect.Application", "src\Verizon.Connect.Application\Verizon.Connect.Application.csproj", "{8338C5B5-3CC4-42C0-A667-19BC2ECF5BDC}"
EndProject
Project("{FAE04EC0-301F-11D3-BF4B-00C04F79EFBC}") = "Verizon.Connect.Sender", "src\Verizon.Connect.Sender\Verizon.Connect.Sender.csproj", "{5DFB4A29-8D0D-432D-9420-9E8B97266BF8}"
EndProject
Project("{9A19103F-16F7-4668-BE54-9A1E7A4F7556}") = "Verizon.Connect.Infra.CrossCutting.Bus", "src\Verizon.Connect.Infra.CrossCutting.Bus\Verizon.Connect.Infra.CrossCutting.Bus.csproj", "{C0BD3103-C4CE-4E2F-93A4-A8076306D9F5}"
EndProject
Global
	GlobalSection(SolutionConfigurationPlatforms) = preSolution
		Debug|Any CPU = Debug|Any CPU
		Release|Any CPU = Release|Any CPU
	EndGlobalSection
	GlobalSection(ProjectConfigurationPlatforms) = postSolution
		{BBD87C8D-CBA6-4D5D-A861-B95AC2CC7004}.Debug|Any CPU.ActiveCfg = Debug|Any CPU
		{BBD87C8D-CBA6-4D5D-A861-B95AC2CC7004}.Debug|Any CPU.Build.0 = Debug|Any CPU
		{BBD87C8D-CBA6-4D5D-A861-B95AC2CC7004}.Release|Any CPU.ActiveCfg = Release|Any CPU
		{BBD87C8D-CBA6-4D5D-A861-B95AC2CC7004}.Release|Any CPU.Build.0 = Release|Any CPU
		{C98ACF4F-48D5-4A79-9CA8-B1A20BE5A5CF}.Debug|Any CPU.ActiveCfg = Debug|Any CPU
		{C98ACF4F-48D5-4A79-9CA8-B1A20BE5A5CF}.Debug|Any CPU.Build.0 = Debug|Any CPU
		{C98ACF4F-48D5-4A79-9CA8-B1A20BE5A5CF}.Release|Any CPU.ActiveCfg = Release|Any CPU
		{C98ACF4F-48D5-4A79-9CA8-B1A20BE5A5CF}.Release|Any CPU.Build.0 = Release|Any CPU
		{8338C5B5-3CC4-42C0-A667-19BC2ECF5BDC}.Debug|Any CPU.ActiveCfg = Debug|Any CPU
		{8338C5B5-3CC4-42C0-A667-19BC2ECF5BDC}.Debug|Any CPU.Build.0 = Debug|Any CPU
		{8338C5B5-3CC4-42C0-A667-19BC2ECF5BDC}.Release|Any CPU.ActiveCfg = Release|Any CPU
		{8338C5B5-3CC4-42C0-A667-19BC2ECF5BDC}.Release|Any CPU.Build.0 = Release|Any CPU
		{5DFB4A29-8D0D-432D-9420-9E8B97266BF8}.Debug|Any CPU.ActiveCfg = Debug|Any CPU
		{5DFB4A29-8D0D-432D-9420-9E8B97266BF8}.Debug|Any CPU.Build.0 = Debug|Any CPU
		{5DFB4A29-8D0D-432D-9420-9E8B97266BF8}.Release|Any CPU.ActiveCfg = Release|Any CPU
		{5DFB4A29-8D0D-432D-9420-9E8B97266BF8}.Release|Any CPU.Build.0 = Release|Any CPU
		{C0BD3103-C4CE-4E2F-93A4-A8076306D9F5}.Debug|Any CPU.ActiveCfg = Debug|Any CPU
		{C0BD3103-C4CE-4E2F-93A4-A8076306D9F5}.Debug|Any CPU.Build.0 = Debug|Any CPU
		{C0BD3103-C4CE-4E2F-93A4-A8076306D9F5}.Release|Any CPU.ActiveCfg = Release|Any CPU
		{C0BD3103-C4CE-4E2F-93A4-A8076306D9F5}.Release|Any CPU.Build.0 = Release|Any CPU
	EndGlobalSection
	GlobalSection(SolutionProperties) = preSolution
		HideSolutionNode = FALSE
	EndGlobalSection
	GlobalSection(ExtensibilityGlobals) = postSolution
		SolutionGuid = {F9B42DBA-6776-4BFD-AA44-0C6B667D261B}
	EndGlobalSection
EndGlobal
